
Microsoft Visual Studio Solution File, Format Version 12.00
# Visual Studio Version 17
VisualStudioVersion = 17.0.31903.59
MinimumVisualStudioVersion = 10.0.40219.1
Project("{FAE04EC0-301F-11D3-BF4B-00C04F79EFBC}") = "WpfTask15.1", "WpfTask15.1\WpfTask15.1.csproj", "{423A22A8-3F84-446D-A531-D10534A2292C}"
EndProject
Global
	GlobalSection(SolutionConfigurationPlatforms) = preSolution
		Debug|Any CPU = Debug|Any CPU
		Release|Any CPU = Release|Any CPU
	EndGlobalSection
	GlobalSection(ProjectConfigurationPlatforms) = postSolution
		{423A22A8-3F84-446D-A531-D10534A2292C}.Debug|Any CPU.ActiveCfg = Debug|Any CPU
		{423A22A8-3F84-446D-A531-D10534A2292C}.Debug|Any CPU.Build.0 = Debug|Any CPU
		{423A22A8-3F84-446D-A531-D10534A2292C}.Release|Any CPU.ActiveCfg = Release|Any CPU
		{423A22A8-3F84-446D-A531-D10534A2292C}.Release|Any CPU.Build.0 = Release|Any CPU
	EndGlobalSection
	GlobalSection(SolutionProperties) = preSolution
		HideSolutionNode = FALSE
	EndGlobalSection
	GlobalSection(ExtensibilityGlobals) = postSolution
		SolutionGuid = {B6E44F18-FC9B-4784-9142-6D7D974FB130}
	EndGlobalSection
EndGlobal
